
Microsoft Visual Studio Solution File, Format Version 12.00
# Visual Studio Version 17
VisualStudioVersion = 17.5.33414.496
MinimumVisualStudioVersion = 10.0.40219.1
Project("{FAE04EC0-301F-11D3-BF4B-00C04F79EFBC}") = "NiceCalc", "Source\NiceCalc\NiceCalc.csproj", "{BF99A819-E0E9-46C0-90FB-C81932C58112}"
EndProject
Project("{FAE04EC0-301F-11D3-BF4B-00C04F79EFBC}") = "TestNiceCalc", "Source\TestNiceCalc\TestNiceCalc.csproj", "{F4C8860D-5A57-445F-AA67-CA138AE47508}"
EndProject
Global
	GlobalSection(SolutionConfigurationPlatforms) = preSolution
		Debug|Any CPU = Debug|Any CPU
		Release|Any CPU = Release|Any CPU
	EndGlobalSection
	GlobalSection(ProjectConfigurationPlatforms) = postSolution
		{BF99A819-E0E9-46C0-90FB-C81932C58112}.Debug|Any CPU.ActiveCfg = Debug|Any CPU
		{BF99A819-E0E9-46C0-90FB-C81932C58112}.Debug|Any CPU.Build.0 = Debug|Any CPU
		{BF99A819-E0E9-46C0-90FB-C81932C58112}.Release|Any CPU.ActiveCfg = Release|Any CPU
		{BF99A819-E0E9-46C0-90FB-C81932C58112}.Release|Any CPU.Build.0 = Release|Any CPU
		{F4C8860D-5A57-445F-AA67-CA138AE47508}.Debug|Any CPU.ActiveCfg = Debug|Any CPU
		{F4C8860D-5A57-445F-AA67-CA138AE47508}.Debug|Any CPU.Build.0 = Debug|Any CPU
		{F4C8860D-5A57-445F-AA67-CA138AE47508}.Release|Any CPU.ActiveCfg = Release|Any CPU
		{F4C8860D-5A57-445F-AA67-CA138AE47508}.Release|Any CPU.Build.0 = Release|Any CPU
	EndGlobalSection
	GlobalSection(SolutionProperties) = preSolution
		HideSolutionNode = FALSE
	EndGlobalSection
	GlobalSection(ExtensibilityGlobals) = postSolution
		SolutionGuid = {13020D59-E6F7-43C5-8BC6-D5A07ECEB568}
	EndGlobalSection
EndGlobal
